github.com/alimoeeny/gooauth2 v0.0.0-20140214171402-62c620a8c7eb h1:vKaQo4aGz4BRfNWbfhUetXviZh3/WPMoyg4AUFV+xAw=
github.com/alimoeeny/gooauth2 v0.0.0-20140214171402-62c620a8c7eb/go.mod h1:BE2Yvrh685XvTHUq9BSkZqTd26MDAsAP2HgxYkZwCdA=
github.com/boj/redistore v0.0.0-20170419030511-4562487a4bee h1:RcdPlP9DKL8cvgNmxDfDRtJfZPjdQ3S1y1b+oergZno=
github.com/boj/redistore v0.0.0-20170419030511-4562487a4bee/go.mod h1:5r9chGCb4uUhBCGMDDCYfyHU/awSRoBeG53Zaj1crhU=
github.com/bradfitz/gomemcache v0.0.0-20170208213004-1952afaa557d h1:7IjN4QP3c38xhg6wz8R3YjoU+6S9e7xBc0DAVLLIpHE=
github.com/bradfitz/gomemcache v0.0.0-20170208213004-1952afaa557d/go.mod h1:PmM6Mmwb0LSuEubjR8N7PtNe1KxZLtOUHtbeikc5h60=
github.com/bradleypeabody/gorilla-sessions-memcache v0.0.0-20170503205333-75ee37df8664 h1:TbxegUZa6q3rAp2ngydORR1rGav6TRJ5PTrbPWU1RbQ=
github.com/bradleypeabody/gorilla-sessions-memcache v0.0.0-20170503205333-75ee37df8664/go.mod h1:dkChI7Tbtx7H1Tj7TqGSZMOeGpMP5gLHtjroHd4agiI=
github.com/cihub/seelog v0.0.0-20170130134532-f561c5e57575 h1:kHaBemcxl8o/pQ5VM1c8PVE1PubbNx3mjUr09OqWGCs=
github.com/cihub/seelog v0.0.0-20170130134532-f561c5e57575/go.mod h1:9d6lWj8KzO/fd/NrVaLscBKmPigpZpn5YawRPw+e3Yo=
github.com/claudiu/gocron v0.0.0-20151103142354-980c96bf412b h1:1Re4dSAmgqquNAWHiG3dZcJEiehsvhiXfbgwCu2WHZ4=
github.com/claudiu/gocron v0.0.0-20151103142354-980c96bf412b/go.mod h1:iMXk3fsDNgitdyYEuzKo8zX/wnF2Saooh1kmhoibdA4=
github.com/dchest/captcha v0.0.0-20170622155422-6a29415a8364 h1:U+BMqUt8LFgyrF0/NKgPZdr1sGZ3j6uBECpOGcISpFI=
github.com/dchest/captcha v0.0.0-20170622155422-6a29415a8364/go.mod h1:QGrK8vMWWHQYQ3QU9bw9Y9OPNfxccGzfb41qjvVeXtY=
github.com/denisbakhtin/sitemap v0.0.0-20151103020935-3b73dfe0369c h1:6QSaBtTV0okxnSQMX9cYvcX3ldHMc6u1n/LUbj8GwaE=
github.com/denisbakhtin/sitemap v0.0.0-20151103020935-3b73dfe0369c/go.mod h1:CmD9XKFZorYoHbytVHyFaAxjIG4O0CCvQCxGhdjZnlg=
github.com/garyburd/redigo v0.0.0-20170615185838-57f1cd7de617 h1:LDetjIH5UGL6i8K8j6kO06ZYdjWu2AIj3mftdaCXjUI=
github.com/garyburd/redigo v0.0.0-20170615185838-57f1cd7de617/go.mod h1:NR3MbYisc3/PwhQ00EMzDiPmrwpPxAn5GI05/YaO1SY=
github.com/gin-contrib/sessions v0.0.0-20170424022821-447fdfad36b7 h1:nW76YLC44kU/j7tz3MoWuqbowoAyKX6jiqVsvKd8sVc=
github.com/gin-contrib/sessions v0.0.0-20170424022821-447fdfad36b7/go.mod h1:F4TwIEOO0sgMULDVvcP85n9Jl8RPcOWfs17D0/fCWcE=
github.com/gin-contrib/sse v0.0.0-20170109093832-22d885f9ecc7 h1:AzN37oI0cOS+cougNAV9szl6CVoj2RYwzS3DpUQNtlY=
github.com/gin-contrib/sse v0.0.0-20170109093832-22d885f9ecc7/go.mod h1:VJ0WA2NBN22VlZ2dKZQPAPnyWw5XTlK1KymzLKsr59s=
github.com/gin-gonic/gin v0.0.0-20170830041857-c16c2b7ec331 h1:MnHHKiH+v4hYpC+FaBmtz4QL0owrrTDMKRhrYkd/H3s=
github.com/gin-gonic/gin v0.0.0-20170830041857-c16c2b7ec331/go.mod h1:7cKuhb5qV2ggCFctp2fJQ+ErvciLZrIeoOSOm6mUr7Y=
github.com/go-yaml/yaml v0.0.0-20170407172122-cd8b52f8269e h1:IaYfvgNYnuZb8gyBQmrs3/4iVjRDMhUoJYX63N/9kNw=
github.com/go-yaml/yaml v0.0.0-20170407172122-cd8b52f8269e/go.mod h1:w2MrLa16VYP0jy6N7M5kHaCkaLENm+P+Tv+MfurjSw0=
github.com/golang/protobuf v0.0.0-20170613224224-e325f446bebc h1:wdhDSKrkYy24mcfzuA3oYm58h0QkyXjwERCkzJDP5kA=
github.com/golang/protobuf v0.0.0-20170613224224-e325f446bebc/go.mod h1:6lQm79b+lXiMfvg/cZm0SGofjICqVBUtrP5yJMmIC1U=
github.com/gorilla/context v1.1.1 h1:AWwleXJkX/nhcU9bZSnZoi3h/qGYqQAGhq6zZe/aQW8=
github.com/gorilla/context v1.1.1/go.mod h1:kBGZzfjB9CEq2AlWe17Uuf7NDRt0dE0s8S51q0aT7Yg=
github.com/gorilla/feeds v0.0.0-20170611032206-fa8f5548eedb h1:ry27SfzOHgpUX1TXYh1W/kOUM7J+K8MdpRygT0DtHy0=
github.com/gorilla/feeds v0.0.0-20170611032206-fa8f5548eedb/go.mod h1:Nk0jZrvPFZX1OBe5NPiddPw7CfwF6Q9eqzaBbaightA=
github.com/gorilla/securecookie v1.1.1 h1:miw7JPhV+b/lAHSXz4qd/nN9jRiAFV5FwjeKyCS8BvQ=
github.com/gorilla/securecookie v1.1.1/go.mod h1:ra0sb63/xPlUeL+yeDciTfxMRAA+MP+HVt/4epWDjd4=
github.com/gorilla/sessions v0.0.0-20170429192241-8b6b4cd75f07 h1:EyXxUz3GXH4N2MyZBtiINfRl3nir3aTotGglb0BUhp8=
github.com/gorilla/sessions v0.0.0-20170429192241-8b6b4cd75f07/go.mod h1:+WVp8kdw6VhyKExm03PAMRn2ZxnPtm58pV0dBVPdhHE=
github.com/jinzhu/gorm v0.0.0-20170504140837-9acaa33324bb h1:13jloGduzM629DqO7tMTOcf6WffUigonv27WdLGKbPg=
github.com/jinzhu/gorm v0.0.0-20170504140837-9acaa33324bb/go.mod h1:Vla75njaFJ8clLU1W44h34PjIkijhjHIYnZxMqCdxqo=
github.com/jinzhu/inflection v0.0.0-20170102125226-1c35d901db3d h1:jRQLvyVGL+iVtDElaEIDdKwpPqUIZJfzkNLV34htpEc=
github.com/jinzhu/inflection v0.0.0-20170102125226-1c35d901db3d/go.mod h1:h+uFLlag+Qp1Va5pdKtLDYj+kHp5pxUVkryuEj+Srlc=
github.com/json-iterator/go v0.0.0-20190208075642-5bc93205020f h1:3T/HdPnKQ19XX/kdEl32drNOgHHlceVt82ailLlK1Ow=
github.com/json-iterator/go v0.0.0-20190208075642-5bc93205020f/go.mod h1:+SdeFBvtyEkXs7REEP0seUULqWtbJapLOCVDaaPEHmU=
github.com/kidstuff/mongostore v0.0.0-20151002152336-256d65ac5b0e h1:yhPLSukTFFnVHmlJJ3C6KwoXpFtT0098URpO14ugi8I=
github.com/kidstuff/mongostore v0.0.0-20151002152336-256d65ac5b0e/go.mod h1:g2nVr8KZVXJSS97Jo8pJ0jgq29P6H7dG0oplUA86MQw=
github.com/mattn/go-isatty v0.0.2 h1:F+DnWktyadxnOrohKLNUC9/GjFii5RJgY4GFG6ilggw=
github.com/mattn/go-isatty v0.0.2/go.mod h1:M+lRXTBqGeGNdLjl/ufCoiOlB5xdOkqRJdNxMWT7Zi4=
github.com/mattn/go-sqlite3 v0.0.0-20170710140056-47fc4e5e9153 h1:28XLVqevl+zxAOK/wA9tx5Cz098nz8+ogwpsMPgiNgo=
github.com/mattn/go-sqlite3 v0.0.0-20170710140056-47fc4e5e9153/go.mod h1:FPy6KqzDD04eiIsT53CuJW3U88zkxoIYsOqkbpncsNc=
github.com/microcosm-cc/bluemonday v0.0.0-20161202143824-e79763773ab6 h1:2T48MyyWdAAK0H21T9BNxQTSzQDaamS1t1tAvNHHXjE=
github.com/microcosm-cc/bluemonday v0.0.0-20161202143824-e79763773ab6/go.mod h1:hsXNsILzKxV+sX77C5b8FSuKF00vh2OMYv+xgHpAMF4=
github.com/modern-go/concurrent v0.0.0-20180306012644-bacd9c7ef1dd h1:TRLaZ9cD/w8PVh93nsPXa1VrQ6jlwL5oN8l14QlcNfg=
github.com/modern-go/concurrent v0.0.0-20180306012644-bacd9c7ef1dd/go.mod h1:6dJC0mAP4ikYIbvyc7fijjWJddQyLn8Ig3JB5CqoB9Q=
github.com/modern-go/reflect2 v1.0.1 h1:9f412s+6RmYXLWZSEzVVgPGK7C2PphHj5RJrvfx9AWI=
github.com/modern-go/reflect2 v1.0.1/go.mod h1:bx2lNnkwVCuqBIxFjflWJWanXIb3RllmbCylyMrvgv0=
github.com/pkg/errors v0.0.0-20190109061628-ffb6e22f0193 h1:G+3hOJb+jr4ruKVe4WWvC0wXvPmVuKyb/tTlOyjAisU=
github.com/pkg/errors v0.0.0-20190109061628-ffb6e22f0193/go.mod h1:bwawxfHBFNV+L2hUp1rHADufV3IMtnDRdf1r5NINEl0=
github.com/qiniu/api.v7 v0.0.0-20190103020848-ea6911b40d3d h1:a4kId2tBT3H4eKd8b5cnGAbEw2gJHid07AK1sxc/Bp8=
github.com/qiniu/api.v7 v0.0.0-20190103020848-ea6911b40d3d/go.mod h1:V8/EzlTgLN6q0s0CJmg/I81ytsvldSF22F7h6MI02+c=
github.com/qiniu/x v0.0.0-20150721034113-f512abcf45ab h1:LoiKx8URJLymdfVAtTDfuSG24co0WdQi5WuNVljsF90=
github.com/qiniu/x v0.0.0-20150721034113-f512abcf45ab/go.mod h1:KpRKWYG/GaidPQVpoQ2Cvuvtts3gYnoo2PftgdmAiU4=
github.com/russross/blackfriday v0.0.0-20170610170232-067529f716f4 h1:S9YlS71UNJIyS61OqGAmLXv3w5zclSidN+qwr80XxKs=
github.com/russross/blackfriday v0.0.0-20170610170232-067529f716f4/go.mod h1:JO/DiYxRf+HjHt06OyowR9PTA263kcR/rfWxYHBV53g=
github.com/snluu/uuid v0.0.0-20130306162636-1dd34a9ad6c0 h1:HpVOEEUox7FqFHZ1ApptVYzpOqWfnydBWgmUa2xoEsA=
github.com/snluu/uuid v0.0.0-20130306162636-1dd34a9ad6c0/go.mod h1:ldniRJmmgU6bFDJTGAwQWuTsXnGbSKP7l4nUQR67vAk=
github.com/ugorji/go v0.0.0-20170826155943-8c0409fcbb70 h1:zcmkQE363EFyCTXGCo948vuTB9jtOd3xUXomj+Kfr4s=
github.com/ugorji/go v0.0.0-20170826155943-8c0409fcbb70/go.mod h1:hnLbHMwcvSihnDhEfx2/BzKp2xb0Y+ErdfYcrs9tkJQ=
golang.org/x/crypto v0.0.0-20190308221718-c2843e01d9a2/go.mod h1:djNgcEr1/C05ACkg1iLfiJU5Ep61QUkGW8qpdssI0+w=
golang.org/x/crypto v0.0.0-20200622213623-75b288015ac9/go.mod h1:LzIPMQfyMNhhGPhUkYOs5KpL4U8rLKemX1yGLhDgUto=
golang.org/x/net v0.0.0-20190404232315-eb5bcb51f2a3/go.mod h1:t9HGtf8HONx5eT2rtn7q6eTqICYqUVnKs3thJo3Qplg=
golang.org/x/net v0.0.0-20200923182212-328152dc79b1 h1:Iu68XRPd67wN4aRGGWwwq6bZo/25jR6uu52l/j2KkUE=
golang.org/x/net v0.0.0-20200923182212-328152dc79b1/go.mod h1:/O7V0waA8r7cgGh81Ro3o1hOxt32SMVPicZroKQ2sZA=
golang.org/x/sys v0.0.0-20190215142949-d0b11bdaac8a/go.mod h1:STP8DvDyc/dI5b8T5hshtkjS+E42TnysNCUPdjciGhY=
golang.org/x/sys v0.0.0-20190412213103-97732733099d/go.mod h1:h1NjWce9XRLGQEsW7wpKNCjG9DtNlClVuFLEZdDNbEs=
golang.org/x/sys v0.0.0-20200323222414-85ca7c5b95cd h1:xhmwyvizuTgC2qz7ZlMluP20uW+C3Rm0FD/WLDX8884=
golang.org/x/sys v0.0.0-20200323222414-85ca7c5b95cd/go.mod h1:h1NjWce9XRLGQEsW7wpKNCjG9DtNlClVuFLEZdDNbEs=
golang.org/x/text v0.3.0/go.mod h1:NqM8EUOU14njkJ3fqMW+pc6Ldnwhi/IjpwHt7yyuwOQ=
gopkg.in/go-playground/validator.v8 v8.18.1 h1:F8SLY5Vqesjs1nI1EL4qmF1PQZ1sitsmq0rPYXLyfGU=
gopkg.in/go-playground/validator.v8 v8.18.1/go.mod h1:RX2a/7Ha8BgOhfk7j780h4/u/RRjR0eouCJSH80/M2Y=
gopkg.in/mgo.v2 v2.0.0-20160818020120-3f83fa500528 h1:/saqWwm73dLmuzbNhe92F0QsZ/KiFND+esHco2v1hiY=
gopkg.in/mgo.v2 v2.0.0-20160818020120-3f83fa500528/go.mod h1:yeKp02qBN3iKW1OzL3MGk2IdtZzaj7SFntXj72NppTA=
gopkg.in/yaml.v2 v2.0.0-20170407172122-cd8b52f8269e h1:o/mfNjxpTLivuKEfxzzwrJ8PmulH2wEp7t713uMwKAA=
gopkg.in/yaml.v2 v2.0.0-20170407172122-cd8b52f8269e/go.mod h1:JAlM8MvJe8wmxCU4Bli9HhUf9+ttbYbLASfIpnQbh74=
qiniupkg.com/x v0.0.0-20150721034113-f512abcf45ab h1:AvogMPHEAtucyBKlkVMC/YQnczuSlSdR5eXBhsFw/vo=
qiniupkg.com/x v0.0.0-20150721034113-f512abcf45ab/go.mod h1:6sLxR5IZ03vMaRAQAY/5MvzofeoBIjO4XE0Njv6V1ms=
